
Microsoft Visual Studio Solution File, Format Version 12.00
# Visual Studio 15
VisualStudioVersion = 15.0.26730.3
MinimumVisualStudioVersion = 10.0.40219.1
Project("{FAE04EC0-301F-11D3-BF4B-00C04F79EFBC}") = "KataVM.Library", "KataVM.Library\KataVM.Library.csproj", "{DE5EF5A4-F1C0-4355-9F7B-A860DBBB0897}"
EndProject
Project("{FAE04EC0-301F-11D3-BF4B-00C04F79EFBC}") = "KataVM.Library.Tests", "KataVM.Library.Tests\KataVM.Library.Tests.csproj", "{725EF405-88AA-4FED-9AB0-4FA1952F8F66}"
EndProject
Global
	GlobalSection(SolutionConfigurationPlatforms) = preSolution
		Debug|Any CPU = Debug|Any CPU
		Release|Any CPU = Release|Any CPU
	EndGlobalSection
	GlobalSection(ProjectConfigurationPlatforms) = postSolution
		{DE5EF5A4-F1C0-4355-9F7B-A860DBBB0897}.Debug|Any CPU.ActiveCfg = Debug|Any CPU
		{DE5EF5A4-F1C0-4355-9F7B-A860DBBB0897}.Debug|Any CPU.Build.0 = Debug|Any CPU
		{DE5EF5A4-F1C0-4355-9F7B-A860DBBB0897}.Release|Any CPU.ActiveCfg = Release|Any CPU
		{DE5EF5A4-F1C0-4355-9F7B-A860DBBB0897}.Release|Any CPU.Build.0 = Release|Any CPU
		{725EF405-88AA-4FED-9AB0-4FA1952F8F66}.Debug|Any CPU.ActiveCfg = Debug|Any CPU
		{725EF405-88AA-4FED-9AB0-4FA1952F8F66}.Debug|Any CPU.Build.0 = Debug|Any CPU
		{725EF405-88AA-4FED-9AB0-4FA1952F8F66}.Release|Any CPU.ActiveCfg = Release|Any CPU
		{725EF405-88AA-4FED-9AB0-4FA1952F8F66}.Release|Any CPU.Build.0 = Release|Any CPU
	EndGlobalSection
	GlobalSection(SolutionProperties) = preSolution
		HideSolutionNode = FALSE
	EndGlobalSection
	GlobalSection(ExtensibilityGlobals) = postSolution
		SolutionGuid = {4CDA4EAA-B051-4E7A-BAC5-D1690A125C93}
	EndGlobalSection
EndGlobal
